
Microsoft Visual Studio Solution File, Format Version 12.00
# Visual Studio 15
VisualStudioVersion = 15.0.28307.329
MinimumVisualStudioVersion = 10.0.40219.1
Project("{FAE04EC0-301F-11D3-BF4B-00C04F79EFBC}") = "EncryptPayload", "EncryptPayload\EncryptPayload.csproj", "{EFCE28BE-62A3-4287-B28F-2682F3FAE4B9}"
EndProject
Global
	GlobalSection(SolutionConfigurationPlatforms) = preSolution
		Debug|Any CPU = Debug|Any CPU
		Release|Any CPU = Release|Any CPU
	EndGlobalSection
	GlobalSection(ProjectConfigurationPlatforms) = postSolution
		{EFCE28BE-62A3-4287-B28F-2682F3FAE4B9}.Debug|Any CPU.ActiveCfg = Debug|Any CPU
		{EFCE28BE-62A3-4287-B28F-2682F3FAE4B9}.Debug|Any CPU.Build.0 = Debug|Any CPU
		{EFCE28BE-62A3-4287-B28F-2682F3FAE4B9}.Release|Any CPU.ActiveCfg = Release|Any CPU
		{EFCE28BE-62A3-4287-B28F-2682F3FAE4B9}.Release|Any CPU.Build.0 = Release|Any CPU
	EndGlobalSection
	GlobalSection(SolutionProperties) = preSolution
		HideSolutionNode = FALSE
	EndGlobalSection
	GlobalSection(ExtensibilityGlobals) = postSolution
		SolutionGuid = {82339F30-94B3-458A-847C-03614D681877}
	EndGlobalSection
EndGlobal
