
Microsoft Visual Studio Solution File, Format Version 12.00
# Visual Studio 15
VisualStudioVersion = 15.0.28307.329
MinimumVisualStudioVersion = 10.0.40219.1
Project("{FAE04EC0-301F-11D3-BF4B-00C04F79EFBC}") = "PayloadDecryption", "PayloadDecryption\PayloadDecryption.csproj", "{0750E6CB-0694-453B-8263-62761B08BAEA}"
EndProject
Global
	GlobalSection(SolutionConfigurationPlatforms) = preSolution
		Debug|Any CPU = Debug|Any CPU
		Release|Any CPU = Release|Any CPU
	EndGlobalSection
	GlobalSection(ProjectConfigurationPlatforms) = postSolution
		{0750E6CB-0694-453B-8263-62761B08BAEA}.Debug|Any CPU.ActiveCfg = Debug|Any CPU
		{0750E6CB-0694-453B-8263-62761B08BAEA}.Debug|Any CPU.Build.0 = Debug|Any CPU
		{0750E6CB-0694-453B-8263-62761B08BAEA}.Release|Any CPU.ActiveCfg = Release|Any CPU
		{0750E6CB-0694-453B-8263-62761B08BAEA}.Release|Any CPU.Build.0 = Release|Any CPU
	EndGlobalSection
	GlobalSection(SolutionProperties) = preSolution
		HideSolutionNode = FALSE
	EndGlobalSection
	GlobalSection(ExtensibilityGlobals) = postSolution
		SolutionGuid = {52325EB4-42A1-4EAD-865F-09CBC0B69881}
	EndGlobalSection
EndGlobal
